version: 0.166.0
dependencies:
- name: awx-operator
  repository: https://ansible.github.io/awx-operator
  version: 2.19.1
- name: sthings-cluster
  repository: oci://eu.gcr.io/stuttgart-things
  version: 0.3.10
digest: sha256:8f4b78424a7999888558da431277cd1f53f76bd694fe94fe0acb667767650bc5
generated: "2024-08-04T05:25:05.663438441Z"
