version: 0.166.0
dependencies:
- name: awx-operator
  repository: https://ansible.github.io/awx-operator
  version: 2.17.0
- name: sthings-cluster
  repository: oci://eu.gcr.io/stuttgart-things
  version: 0.3.10
digest: sha256:f2984e75cf1f75b21e04631f2c837ae26a3a56991626df5ba5b7e165e732adc2
generated: "2024-08-04T05:48:00.390835669Z"
