dependencies:
- name: sthings-helm-toolkit
  repository: oci://eu.gcr.io/stuttgart-things
  version: 2.4.27
- name: redis
  repository: https://charts.bitnami.com/bitnami
  version: 17.10.2
- name: yacht-application-server
  repository: oci://eu.gcr.io/stuttgart-things
  version: 0.3.6
digest: sha256:dd4e247178c4625f411679f1e7f2ccb0940767a999518bce6ccd823980c369b4
generated: "2023-05-10T06:43:06.52762324Z"
