dependencies:
- name: sthings-helm-toolkit
  repository: oci://eu.gcr.io/stuttgart-things
  version: 2.4.27
- name: redis
  repository: https://charts.bitnami.com/bitnami
  version: 17.10.2
- name: yacht-application-server
  repository: oci://eu.gcr.io/stuttgart-things
  version: 0.3.6
digest: sha256:03e6bb2a24ef1ec23556533fa9d73af1be38e9767d4721ae5d48c6786c93a935
generated: "2023-05-07T19:21:30.91009507Z"
